
Microsoft Visual Studio Solution File, Format Version 12.00
# Visual Studio Version 17
VisualStudioVersion = 17.0.31903.59
MinimumVisualStudioVersion = 10.0.40219.1
Project("{FAE04EC0-301F-11D3-BF4B-00C04F79EFBC}") = "GameStoreInventory.Domain", "GameStoreInventory.Domain\GameStoreInventory.Domain.csproj", "{40708BC1-9B19-4903-B600-46931366EE22}"
EndProject
Project("{FAE04EC0-301F-11D3-BF4B-00C04F79EFBC}") = "GameStoreInventory.Application", "GameStoreInventory.Application\GameStoreInventory.Application.csproj", "{C4BC8FA0-BEEE-4DA4-BD69-5446F3068520}"
EndProject
Project("{FAE04EC0-301F-11D3-BF4B-00C04F79EFBC}") = "GameStoreInventory.Infrastructure", "GameStoreInventory.Infrastructure\GameStoreInventory.Infrastructure.csproj", "{4A0D740D-27C1-4074-8B39-8AD653CAAEE2}"
EndProject
Project("{FAE04EC0-301F-11D3-BF4B-00C04F79EFBC}") = "GameStoreInventory.API", "GameStoreInventory.API\GameStoreInventory.API.csproj", "{1424BF00-0CEC-4968-9A37-A02C3E84A4BC}"
EndProject
Global
	GlobalSection(SolutionConfigurationPlatforms) = preSolution
		Debug|Any CPU = Debug|Any CPU
		Debug|x64 = Debug|x64
		Debug|x86 = Debug|x86
		Release|Any CPU = Release|Any CPU
		Release|x64 = Release|x64
		Release|x86 = Release|x86
	EndGlobalSection
	GlobalSection(ProjectConfigurationPlatforms) = postSolution
		{40708BC1-9B19-4903-B600-46931366EE22}.Debug|Any CPU.ActiveCfg = Debug|Any CPU
		{40708BC1-9B19-4903-B600-46931366EE22}.Debug|Any CPU.Build.0 = Debug|Any CPU
		{40708BC1-9B19-4903-B600-46931366EE22}.Debug|x64.ActiveCfg = Debug|Any CPU
		{40708BC1-9B19-4903-B600-46931366EE22}.Debug|x64.Build.0 = Debug|Any CPU
		{40708BC1-9B19-4903-B600-46931366EE22}.Debug|x86.ActiveCfg = Debug|Any CPU
		{40708BC1-9B19-4903-B600-46931366EE22}.Debug|x86.Build.0 = Debug|Any CPU
		{40708BC1-9B19-4903-B600-46931366EE22}.Release|Any CPU.ActiveCfg = Release|Any CPU
		{40708BC1-9B19-4903-B600-46931366EE22}.Release|Any CPU.Build.0 = Release|Any CPU
		{40708BC1-9B19-4903-B600-46931366EE22}.Release|x64.ActiveCfg = Release|Any CPU
		{40708BC1-9B19-4903-B600-46931366EE22}.Release|x64.Build.0 = Release|Any CPU
		{40708BC1-9B19-4903-B600-46931366EE22}.Release|x86.ActiveCfg = Release|Any CPU
		{40708BC1-9B19-4903-B600-46931366EE22}.Release|x86.Build.0 = Release|Any CPU
		{C4BC8FA0-BEEE-4DA4-BD69-5446F3068520}.Debug|Any CPU.ActiveCfg = Debug|Any CPU
		{C4BC8FA0-BEEE-4DA4-BD69-5446F3068520}.Debug|Any CPU.Build.0 = Debug|Any CPU
		{C4BC8FA0-BEEE-4DA4-BD69-5446F3068520}.Debug|x64.ActiveCfg = Debug|Any CPU
		{C4BC8FA0-BEEE-4DA4-BD69-5446F3068520}.Debug|x64.Build.0 = Debug|Any CPU
		{C4BC8FA0-BEEE-4DA4-BD69-5446F3068520}.Debug|x86.ActiveCfg = Debug|Any CPU
		{C4BC8FA0-BEEE-4DA4-BD69-5446F3068520}.Debug|x86.Build.0 = Debug|Any CPU
		{C4BC8FA0-BEEE-4DA4-BD69-5446F3068520}.Release|Any CPU.ActiveCfg = Release|Any CPU
		{C4BC8FA0-BEEE-4DA4-BD69-5446F3068520}.Release|Any CPU.Build.0 = Release|Any CPU
		{C4BC8FA0-BEEE-4DA4-BD69-5446F3068520}.Release|x64.ActiveCfg = Release|Any CPU
		{C4BC8FA0-BEEE-4DA4-BD69-5446F3068520}.Release|x64.Build.0 = Release|Any CPU
		{C4BC8FA0-BEEE-4DA4-BD69-5446F3068520}.Release|x86.ActiveCfg = Release|Any CPU
		{C4BC8FA0-BEEE-4DA4-BD69-5446F3068520}.Release|x86.Build.0 = Release|Any CPU
		{4A0D740D-27C1-4074-8B39-8AD653CAAEE2}.Debug|Any CPU.ActiveCfg = Debug|Any CPU
		{4A0D740D-27C1-4074-8B39-8AD653CAAEE2}.Debug|Any CPU.Build.0 = Debug|Any CPU
		{4A0D740D-27C1-4074-8B39-8AD653CAAEE2}.Debug|x64.ActiveCfg = Debug|Any CPU
		{4A0D740D-27C1-4074-8B39-8AD653CAAEE2}.Debug|x64.Build.0 = Debug|Any CPU
		{4A0D740D-27C1-4074-8B39-8AD653CAAEE2}.Debug|x86.ActiveCfg = Debug|Any CPU
		{4A0D740D-27C1-4074-8B39-8AD653CAAEE2}.Debug|x86.Build.0 = Debug|Any CPU
		{4A0D740D-27C1-4074-8B39-8AD653CAAEE2}.Release|Any CPU.ActiveCfg = Release|Any CPU
		{4A0D740D-27C1-4074-8B39-8AD653CAAEE2}.Release|Any CPU.Build.0 = Release|Any CPU
		{4A0D740D-27C1-4074-8B39-8AD653CAAEE2}.Release|x64.ActiveCfg = Release|Any CPU
		{4A0D740D-27C1-4074-8B39-8AD653CAAEE2}.Release|x64.Build.0 = Release|Any CPU
		{4A0D740D-27C1-4074-8B39-8AD653CAAEE2}.Release|x86.ActiveCfg = Release|Any CPU
		{4A0D740D-27C1-4074-8B39-8AD653CAAEE2}.Release|x86.Build.0 = Release|Any CPU
		{1424BF00-0CEC-4968-9A37-A02C3E84A4BC}.Debug|Any CPU.ActiveCfg = Debug|Any CPU
		{1424BF00-0CEC-4968-9A37-A02C3E84A4BC}.Debug|Any CPU.Build.0 = Debug|Any CPU
		{1424BF00-0CEC-4968-9A37-A02C3E84A4BC}.Debug|x64.ActiveCfg = Debug|Any CPU
		{1424BF00-0CEC-4968-9A37-A02C3E84A4BC}.Debug|x64.Build.0 = Debug|Any CPU
		{1424BF00-0CEC-4968-9A37-A02C3E84A4BC}.Debug|x86.ActiveCfg = Debug|Any CPU
		{1424BF00-0CEC-4968-9A37-A02C3E84A4BC}.Debug|x86.Build.0 = Debug|Any CPU
		{1424BF00-0CEC-4968-9A37-A02C3E84A4BC}.Release|Any CPU.ActiveCfg = Release|Any CPU
		{1424BF00-0CEC-4968-9A37-A02C3E84A4BC}.Release|Any CPU.Build.0 = Release|Any CPU
		{1424BF00-0CEC-4968-9A37-A02C3E84A4BC}.Release|x64.ActiveCfg = Release|Any CPU
		{1424BF00-0CEC-4968-9A37-A02C3E84A4BC}.Release|x64.Build.0 = Release|Any CPU
		{1424BF00-0CEC-4968-9A37-A02C3E84A4BC}.Release|x86.ActiveCfg = Release|Any CPU
		{1424BF00-0CEC-4968-9A37-A02C3E84A4BC}.Release|x86.Build.0 = Release|Any CPU
	EndGlobalSection
	GlobalSection(SolutionProperties) = preSolution
		HideSolutionNode = FALSE
	EndGlobalSection
EndGlobal
